// !$*UTF8*$!
{
	archiveVersion = 1;
	classes = {
	};
	objectVersion = 56;
	objects = {

/* Begin PBXBuildFile section */
		ED1459362BA04D81009CEFAE /* Realm in Frameworks */ = {isa = PBXBuildFile; productRef = ED1459352BA04D81009CEFAE /* Realm */; };
		ED1459382BA04D81009CEFAE /* RealmSwift in Frameworks */ = {isa = PBXBuildFile; productRef = ED1459372BA04D81009CEFAE /* RealmSwift */; };
		ED14593A2BA05736009CEFAE /* StorageManager.swift in Sources */ = {isa = PBXBuildFile; fileRef = ED1459392BA05736009CEFAE /* StorageManager.swift */; };
		ED7DE4E22B70D89E0016F523 /* AppDelegate.swift in Sources */ = {isa = PBXBuildFile; fileRef = ED7DE4E12B70D89E0016F523 /* AppDelegate.swift */; };
		ED7DE4E42B70D89E0016F523 /* SceneDelegate.swift in Sources */ = {isa = PBXBuildFile; fileRef = ED7DE4E32B70D89E0016F523 /* SceneDelegate.swift */; };
		ED7DE4E92B70D89E0016F523 /* Main.storyboard in Resources */ = {isa = PBXBuildFile; fileRef = ED7DE4E72B70D89E0016F523 /* Main.storyboard */; };
		ED7DE4EB2B70D8A00016F523 /* Assets.xcassets in Resources */ = {isa = PBXBuildFile; fileRef = ED7DE4EA2B70D8A00016F523 /* Assets.xcassets */; };
		ED7DE4EE2B70D8A00016F523 /* LaunchScreen.storyboard in Resources */ = {isa = PBXBuildFile; fileRef = ED7DE4EC2B70D8A00016F523 /* LaunchScreen.storyboard */; };
		ED7DE4F62B70E57D0016F523 /* MainViewController.swift in Sources */ = {isa = PBXBuildFile; fileRef = ED7DE4F52B70E57D0016F523 /* MainViewController.swift */; };
		EDAD475C2B91C1A700C92DEB /* NewPlaceViewController.swift in Sources */ = {isa = PBXBuildFile; fileRef = EDAD475B2B91C1A700C92DEB /* NewPlaceViewController.swift */; };
		EDB4DE432BBAECFE008DC904 /* RatingControl.swift in Sources */ = {isa = PBXBuildFile; fileRef = EDB4DE422BBAECFE008DC904 /* RatingControl.swift */; };
		EDBFB8232BBEDB720062E7FC /* Cosmos in Frameworks */ = {isa = PBXBuildFile; productRef = EDBFB8222BBEDB720062E7FC /* Cosmos */; };
		EDEAEF2C2B8CBFB60068CB5C /* CustomTableViewCell.swift in Sources */ = {isa = PBXBuildFile; fileRef = EDEAEF2B2B8CBFB60068CB5C /* CustomTableViewCell.swift */; };
		EDEAEF2E2B8DE3290068CB5C /* PlaceModel.swift in Sources */ = {isa = PBXBuildFile; fileRef = EDEAEF2D2B8DE3290068CB5C /* PlaceModel.swift */; };
/* End PBXBuildFile section */

/* Begin PBXFileReference section */
		ED1459392BA05736009CEFAE /* StorageManager.swift */ = {isa = PBXFileReference; lastKnownFileType = sourcecode.swift; path = StorageManager.swift; sourceTree = "<group>"; };
		ED7DE4DE2B70D89E0016F523 /* MyPlaces.app */ = {isa = PBXFileReference; explicitFileType = wrapper.application; includeInIndex = 0; path = MyPlaces.app; sourceTree = BUILT_PRODUCTS_DIR; };
		ED7DE4E12B70D89E0016F523 /* AppDelegate.swift */ = {isa = PBXFileReference; lastKnownFileType = sourcecode.swift; path = AppDelegate.swift; sourceTree = "<group>"; };
		ED7DE4E32B70D89E0016F523 /* SceneDelegate.swift */ = {isa = PBXFileReference; lastKnownFileType = sourcecode.swift; path = SceneDelegate.swift; sourceTree = "<group>"; };
		ED7DE4E82B70D89E0016F523 /* Base */ = {isa = PBXFileReference; lastKnownFileType = file.storyboard; name = Base; path = Base.lproj/Main.storyboard; sourceTree = "<group>"; };
		ED7DE4EA2B70D8A00016F523 /* Assets.xcassets */ = {isa = PBXFileReference; lastKnownFileType = folder.assetcatalog; path = Assets.xcassets; sourceTree = "<group>"; };
		ED7DE4ED2B70D8A00016F523 /* Base */ = {isa = PBXFileReference; lastKnownFileType = file.storyboard; name = Base; path = Base.lproj/LaunchScreen.storyboard; sourceTree = "<group>"; };
		ED7DE4EF2B70D8A00016F523 /* Info.plist */ = {isa = PBXFileReference; lastKnownFileType = text.plist.xml; path = Info.plist; sourceTree = "<group>"; };
		ED7DE4F52B70E57D0016F523 /* MainViewController.swift */ = {isa = PBXFileReference; lastKnownFileType = sourcecode.swift; path = MainViewController.swift; sourceTree = "<group>"; };
		EDAD475B2B91C1A700C92DEB /* NewPlaceViewController.swift */ = {isa = PBXFileReference; lastKnownFileType = sourcecode.swift; path = NewPlaceViewController.swift; sourceTree = "<group>"; };
		EDB4DE422BBAECFE008DC904 /* RatingControl.swift */ = {isa = PBXFileReference; lastKnownFileType = sourcecode.swift; path = RatingControl.swift; sourceTree = "<group>"; };
		EDEAEF2B2B8CBFB60068CB5C /* CustomTableViewCell.swift */ = {isa = PBXFileReference; lastKnownFileType = sourcecode.swift; path = CustomTableViewCell.swift; sourceTree = "<group>"; };
		EDEAEF2D2B8DE3290068CB5C /* PlaceModel.swift */ = {isa = PBXFileReference; lastKnownFileType = sourcecode.swift; path = PlaceModel.swift; sourceTree = "<group>"; };
/* End PBXFileReference section */

/* Begin PBXFrameworksBuildPhase section */
		ED7DE4DB2B70D89E0016F523 /* Frameworks */ = {
			isa = PBXFrameworksBuildPhase;
			buildActionMask = 2147483647;
			files = (
				EDBFB8232BBEDB720062E7FC /* Cosmos in Frameworks */,
				ED1459382BA04D81009CEFAE /* RealmSwift in Frameworks */,
				ED1459362BA04D81009CEFAE /* Realm in Frameworks */,
			);
			runOnlyForDeploymentPostprocessing = 0;
		};
/* End PBXFrameworksBuildPhase section */

/* Begin PBXGroup section */
		ED7DE4D52B70D89E0016F523 = {
			isa = PBXGroup;
			children = (
				ED7DE4E02B70D89E0016F523 /* MyPlaces */,
				ED7DE4DF2B70D89E0016F523 /* Products */,
			);
			sourceTree = "<group>";
		};
		ED7DE4DF2B70D89E0016F523 /* Products */ = {
			isa = PBXGroup;
			children = (
				ED7DE4DE2B70D89E0016F523 /* MyPlaces.app */,
			);
			name = Products;
			sourceTree = "<group>";
		};
		ED7DE4E02B70D89E0016F523 /* MyPlaces */ = {
			isa = PBXGroup;
			children = (
				ED7DE4E12B70D89E0016F523 /* AppDelegate.swift */,
				ED7DE4F52B70E57D0016F523 /* MainViewController.swift */,
				EDEAEF2D2B8DE3290068CB5C /* PlaceModel.swift */,
				EDEAEF2B2B8CBFB60068CB5C /* CustomTableViewCell.swift */,
				ED7DE4E32B70D89E0016F523 /* SceneDelegate.swift */,
				ED7DE4E72B70D89E0016F523 /* Main.storyboard */,
				EDAD475B2B91C1A700C92DEB /* NewPlaceViewController.swift */,
				EDB4DE422BBAECFE008DC904 /* RatingControl.swift */,
				ED7DE4EA2B70D8A00016F523 /* Assets.xcassets */,
				ED7DE4EC2B70D8A00016F523 /* LaunchScreen.storyboard */,
				ED7DE4EF2B70D8A00016F523 /* Info.plist */,
				ED1459392BA05736009CEFAE /* StorageManager.swift */,
			);
			path = MyPlaces;
			sourceTree = "<group>";
		};
/* End PBXGroup section */

/* Begin PBXNativeTarget section */
		ED7DE4DD2B70D89E0016F523 /* MyPlaces */ = {
			isa = PBXNativeTarget;
			buildConfigurationList = ED7DE4F22B70D8A00016F523 /* Build configuration list for PBXNativeTarget "MyPlaces" */;
			buildPhases = (
				ED7DE4DA2B70D89E0016F523 /* Sources */,
				ED7DE4DB2B70D89E0016F523 /* Frameworks */,
				ED7DE4DC2B70D89E0016F523 /* Resources */,
			);
			buildRules = (
			);
			dependencies = (
			);
			name = MyPlaces;
			packageProductDependencies = (
				ED1459352BA04D81009CEFAE /* Realm */,
				ED1459372BA04D81009CEFAE /* RealmSwift */,
				EDBFB8222BBEDB720062E7FC /* Cosmos */,
			);
			productName = MyPlaces;
			productReference = ED7DE4DE2B70D89E0016F523 /* MyPlaces.app */;
			productType = "com.apple.product-type.application";
		};
/* End PBXNativeTarget section */

/* Begin PBXProject section */
		ED7DE4D62B70D89E0016F523 /* Project object */ = {
			isa = PBXProject;
			attributes = {
				BuildIndependentTargetsInParallel = 1;
				LastSwiftUpdateCheck = 1430;
				LastUpgradeCheck = 1520;
				TargetAttributes = {
					ED7DE4DD2B70D89E0016F523 = {
						CreatedOnToolsVersion = 14.3.1;
					};
				};
			};
			buildConfigurationList = ED7DE4D92B70D89E0016F523 /* Build configuration list for PBXProject "MyPlaces" */;
			compatibilityVersion = "Xcode 14.0";
			developmentRegion = en;
			hasScannedForEncodings = 0;
			knownRegions = (
				en,
				Base,
			);
			mainGroup = ED7DE4D52B70D89E0016F523;
			packageReferences = (
				ED1459342BA04D81009CEFAE /* XCRemoteSwiftPackageReference "realm-swift" */,
				EDBFB8212BBEDB720062E7FC /* XCRemoteSwiftPackageReference "Cosmos" */,
			);
			productRefGroup = ED7DE4DF2B70D89E0016F523 /* Products */;
			projectDirPath = "";
			projectRoot = "";
			targets = (
				ED7DE4DD2B70D89E0016F523 /* MyPlaces */,
			);
		};
/* End PBXProject section */

/* Begin PBXResourcesBuildPhase section */
		ED7DE4DC2B70D89E0016F523 /* Resources */ = {
			isa = PBXResourcesBuildPhase;
			buildActionMask = 2147483647;
			files = (
				ED7DE4EE2B70D8A00016F523 /* LaunchScreen.storyboard in Resources */,
				ED7DE4EB2B70D8A00016F523 /* Assets.xcassets in Resources */,
				ED7DE4E92B70D89E0016F523 /* Main.storyboard in Resources */,
			);
			runOnlyForDeploymentPostprocessing = 0;
		};
/* End PBXResourcesBuildPhase section */

/* Begin PBXSourcesBuildPhase section */
		ED7DE4DA2B70D89E0016F523 /* Sources */ = {
			isa = PBXSourcesBuildPhase;
			buildActionMask = 2147483647;
			files = (
				ED7DE4F62B70E57D0016F523 /* MainViewController.swift in Sources */,
				EDAD475C2B91C1A700C92DEB /* NewPlaceViewController.swift in Sources */,
				ED7DE4E22B70D89E0016F523 /* AppDelegate.swift in Sources */,
				ED14593A2BA05736009CEFAE /* StorageManager.swift in Sources */,
				EDB4DE432BBAECFE008DC904 /* RatingControl.swift in Sources */,
				EDEAEF2E2B8DE3290068CB5C /* PlaceModel.swift in Sources */,
				EDEAEF2C2B8CBFB60068CB5C /* CustomTableViewCell.swift in Sources */,
				ED7DE4E42B70D89E0016F523 /* SceneDelegate.swift in Sources */,
			);
			runOnlyForDeploymentPostprocessing = 0;
		};
/* End PBXSourcesBuildPhase section */

/* Begin PBXVariantGroup section */
		ED7DE4E72B70D89E0016F523 /* Main.storyboard */ = {
			isa = PBXVariantGroup;
			children = (
				ED7DE4E82B70D89E0016F523 /* Base */,
			);
			name = Main.storyboard;
			sourceTree = "<group>";
		};
		ED7DE4EC2B70D8A00016F523 /* LaunchScreen.storyboard */ = {
			isa = PBXVariantGroup;
			children = (
				ED7DE4ED2B70D8A00016F523 /* Base */,
			);
			name = LaunchScreen.storyboard;
			sourceTree = "<group>";
		};
/* End PBXVariantGroup section */

/* Begin XCBuildConfiguration section */
		ED7DE4F02B70D8A00016F523 /* Debug */ = {
			isa = XCBuildConfiguration;
			buildSettings = {
				ALWAYS_SEARCH_USER_PATHS = NO;
				CLANG_ANALYZER_NONNULL = YES;
				CLANG_ANALYZER_NUMBER_OBJECT_CONVERSION = YES_AGGRESSIVE;
				CLANG_CXX_LANGUAGE_STANDARD = "gnu++20";
				CLANG_ENABLE_MODULES = YES;
				CLANG_ENABLE_OBJC_ARC = YES;
				CLANG_ENABLE_OBJC_WEAK = YES;
				CLANG_WARN_BLOCK_CAPTURE_AUTORELEASING = YES;
				CLANG_WARN_BOOL_CONVERSION = YES;
				CLANG_WARN_COMMA = YES;
				CLANG_WARN_CONSTANT_CONVERSION = YES;
				CLANG_WARN_DEPRECATED_OBJC_IMPLEMENTATIONS = YES;
				CLANG_WARN_DIRECT_OBJC_ISA_USAGE = YES_ERROR;
				CLANG_WARN_DOCUMENTATION_COMMENTS = YES;
				CLANG_WARN_EMPTY_BODY = YES;
				CLANG_WARN_ENUM_CONVERSION = YES;
				CLANG_WARN_INFINITE_RECURSION = YES;
				CLANG_WARN_INT_CONVERSION = YES;
				CLANG_WARN_NON_LITERAL_NULL_CONVERSION = YES;
				CLANG_WARN_OBJC_IMPLICIT_RETAIN_SELF = YES;
				CLANG_WARN_OBJC_LITERAL_CONVERSION = YES;
				CLANG_WARN_OBJC_ROOT_CLASS = YES_ERROR;
				CLANG_WARN_QUOTED_INCLUDE_IN_FRAMEWORK_HEADER = YES;
				CLANG_WARN_RANGE_LOOP_ANALYSIS = YES;
				CLANG_WARN_STRICT_PROTOTYPES = YES;
				CLANG_WARN_SUSPICIOUS_MOVE = YES;
				CLANG_WARN_UNGUARDED_AVAILABILITY = YES_AGGRESSIVE;
				CLANG_WARN_UNREACHABLE_CODE = YES;
				CLANG_WARN__DUPLICATE_METHOD_MATCH = YES;
				COPY_PHASE_STRIP = NO;
				DEBUG_INFORMATION_FORMAT = dwarf;
				ENABLE_STRICT_OBJC_MSGSEND = YES;
				ENABLE_TESTABILITY = YES;
				ENABLE_USER_SCRIPT_SANDBOXING = YES;
				GCC_C_LANGUAGE_STANDARD = gnu11;
				GCC_DYNAMIC_NO_PIC = NO;
				GCC_NO_COMMON_BLOCKS = YES;
				GCC_OPTIMIZATION_LEVEL = 0;
				GCC_PREPROCESSOR_DEFINITIONS = (
					"DEBUG=1",
					"$(inherited)",
				);
				GCC_WARN_64_TO_32_BIT_CONVERSION = YES;
				GCC_WARN_ABOUT_RETURN_TYPE = YES_ERROR;
				GCC_WARN_UNDECLARED_SELECTOR = YES;
				GCC_WARN_UNINITIALIZED_AUTOS = YES_AGGRESSIVE;
				GCC_WARN_UNUSED_FUNCTION = YES;
				GCC_WARN_UNUSED_VARIABLE = YES;
				IPHONEOS_DEPLOYMENT_TARGET = 16.4;
				MTL_ENABLE_DEBUG_INFO = INCLUDE_SOURCE;
				MTL_FAST_MATH = YES;
				ONLY_ACTIVE_ARCH = YES;
				SDKROOT = iphoneos;
				SWIFT_ACTIVE_COMPILATION_CONDITIONS = DEBUG;
				SWIFT_OPTIMIZATION_LEVEL = "-Onone";
			};
			name = Debug;
		};
		ED7DE4F12B70D8A00016F523 /* Release */ = {
			isa = XCBuildConfiguration;
			buildSettings = {
				ALWAYS_SEARCH_USER_PATHS = NO;
				CLANG_ANALYZER_NONNULL = YES;
				CLANG_ANALYZER_NUMBER_OBJECT_CONVERSION = YES_AGGRESSIVE;
				CLANG_CXX_LANGUAGE_STANDARD = "gnu++20";
				CLANG_ENABLE_MODULES = YES;
				CLANG_ENABLE_OBJC_ARC = YES;
				CLANG_ENABLE_OBJC_WEAK = YES;
				CLANG_WARN_BLOCK_CAPTURE_AUTORELEASING = YES;
				CLANG_WARN_BOOL_CONVERSION = YES;
				CLANG_WARN_COMMA = YES;
				CLANG_WARN_CONSTANT_CONVERSION = YES;
				CLANG_WARN_DEPRECATED_OBJC_IMPLEMENTATIONS = YES;
				CLANG_WARN_DIRECT_OBJC_ISA_USAGE = YES_ERROR;
				CLANG_WARN_DOCUMENTATION_COMMENTS = YES;
				CLANG_WARN_EMPTY_BODY = YES;
				CLANG_WARN_ENUM_CONVERSION = YES;
				CLANG_WARN_INFINITE_RECURSION = YES;
				CLANG_WARN_INT_CONVERSION = YES;
				CLANG_WARN_NON_LITERAL_NULL_CONVERSION = YES;
				CLANG_WARN_OBJC_IMPLICIT_RETAIN_SELF = YES;
				CLANG_WARN_OBJC_LITERAL_CONVERSION = YES;
				CLANG_WARN_OBJC_ROOT_CLASS = YES_ERROR;
				CLANG_WARN_QUOTED_INCLUDE_IN_FRAMEWORK_HEADER = YES;
				CLANG_WARN_RANGE_LOOP_ANALYSIS = YES;
				CLANG_WARN_STRICT_PROTOTYPES = YES;
				CLANG_WARN_SUSPICIOUS_MOVE = YES;
				CLANG_WARN_UNGUARDED_AVAILABILITY = YES_AGGRESSIVE;
				CLANG_WARN_UNREACHABLE_CODE = YES;
				CLANG_WARN__DUPLICATE_METHOD_MATCH = YES;
				COPY_PHASE_STRIP = NO;
				DEBUG_INFORMATION_FORMAT = "dwarf-with-dsym";
				ENABLE_NS_ASSERTIONS = NO;
				ENABLE_STRICT_OBJC_MSGSEND = YES;
				ENABLE_USER_SCRIPT_SANDBOXING = YES;
				GCC_C_LANGUAGE_STANDARD = gnu11;
				GCC_NO_COMMON_BLOCKS = YES;
				GCC_WARN_64_TO_32_BIT_CONVERSION = YES;
				GCC_WARN_ABOUT_RETURN_TYPE = YES_ERROR;
				GCC_WARN_UNDECLARED_SELECTOR = YES;
				GCC_WARN_UNINITIALIZED_AUTOS = YES_AGGRESSIVE;
				GCC_WARN_UNUSED_FUNCTION = YES;
				GCC_WARN_UNUSED_VARIABLE = YES;
				IPHONEOS_DEPLOYMENT_TARGET = 16.4;
				MTL_ENABLE_DEBUG_INFO = NO;
				MTL_FAST_MATH = YES;
				SDKROOT = iphoneos;
				SWIFT_COMPILATION_MODE = wholemodule;
				SWIFT_OPTIMIZATION_LEVEL = "-O";
				VALIDATE_PRODUCT = YES;
			};
			name = Release;
		};
		ED7DE4F32B70D8A00016F523 /* Debug */ = {
			isa = XCBuildConfiguration;
			buildSettings = {
				ASSETCATALOG_COMPILER_APPICON_NAME = AppIcon;
				ASSETCATALOG_COMPILER_GLOBAL_ACCENT_COLOR_NAME = AccentColor;
				CODE_SIGN_STYLE = Automatic;
				CURRENT_PROJECT_VERSION = 1;
				DEVELOPMENT_TEAM = N3Y2L7NT9R;
				GENERATE_INFOPLIST_FILE = YES;
				INFOPLIST_FILE = MyPlaces/Info.plist;
				INFOPLIST_KEY_UIApplicationSupportsIndirectInputEvents = YES;
				INFOPLIST_KEY_UILaunchStoryboardName = LaunchScreen;
				INFOPLIST_KEY_UIMainStoryboardFile = Main;
				INFOPLIST_KEY_UISupportedInterfaceOrientations_iPad = "UIInterfaceOrientationPortrait UIInterfaceOrientationPortraitUpsideDown UIInterfaceOrientationLandscapeLeft UIInterfaceOrientationLandscapeRight";
				INFOPLIST_KEY_UISupportedInterfaceOrientations_iPhone = "UIInterfaceOrientationPortrait UIInterfaceOrientationLandscapeLeft UIInterfaceOrientationLandscapeRight";
				LD_RUNPATH_SEARCH_PATHS = (
					"$(inherited)",
					"@executable_path/Frameworks",
				);
				MARKETING_VERSION = 1.0;
				PRODUCT_BUNDLE_IDENTIFIER = "Lera-Savchenko.MyPlaces";
				PRODUCT_NAME = "$(TARGET_NAME)";
				SWIFT_EMIT_LOC_STRINGS = YES;
				SWIFT_VERSION = 5.0;
				TARGETED_DEVICE_FAMILY = "1,2";
			};
			name = Debug;
		};
		ED7DE4F42B70D8A00016F523 /* Release */ = {
			isa = XCBuildConfiguration;
			buildSettings = {
				ASSETCATALOG_COMPILER_APPICON_NAME = AppIcon;
				ASSETCATALOG_COMPILER_GLOBAL_ACCENT_COLOR_NAME = AccentColor;
				CODE_SIGN_STYLE = Automatic;
				CURRENT_PROJECT_VERSION = 1;
				DEVELOPMENT_TEAM = N3Y2L7NT9R;
				GENERATE_INFOPLIST_FILE = YES;
				INFOPLIST_FILE = MyPlaces/Info.plist;
				INFOPLIST_KEY_UIApplicationSupportsIndirectInputEvents = YES;
				INFOPLIST_KEY_UILaunchStoryboardName = LaunchScreen;
				INFOPLIST_KEY_UIMainStoryboardFile = Main;
				INFOPLIST_KEY_UISupportedInterfaceOrientations_iPad = "UIInterfaceOrientationPortrait UIInterfaceOrientationPortraitUpsideDown UIInterfaceOrientationLandscapeLeft UIInterfaceOrientationLandscapeRight";
				INFOPLIST_KEY_UISupportedInterfaceOrientations_iPhone = "UIInterfaceOrientationPortrait UIInterfaceOrientationLandscapeLeft UIInterfaceOrientationLandscapeRight";
				LD_RUNPATH_SEARCH_PATHS = (
					"$(inherited)",
					"@executable_path/Frameworks",
				);
				MARKETING_VERSION = 1.0;
				PRODUCT_BUNDLE_IDENTIFIER = "Lera-Savchenko.MyPlaces";
				PRODUCT_NAME = "$(TARGET_NAME)";
				SWIFT_EMIT_LOC_STRINGS = YES;
				SWIFT_VERSION = 5.0;
				TARGETED_DEVICE_FAMILY = "1,2";
			};
			name = Release;
		};
/* End XCBuildConfiguration section */

/* Begin XCConfigurationList section */
		ED7DE4D92B70D89E0016F523 /* Build configuration list for PBXProject "MyPlaces" */ = {
			isa = XCConfigurationList;
			buildConfigurations = (
				ED7DE4F02B70D8A00016F523 /* Debug */,
				ED7DE4F12B70D8A00016F523 /* Release */,
			);
			defaultConfigurationIsVisible = 0;
			defaultConfigurationName = Release;
		};
		ED7DE4F22B70D8A00016F523 /* Build configuration list for PBXNativeTarget "MyPlaces" */ = {
			isa = XCConfigurationList;
			buildConfigurations = (
				ED7DE4F32B70D8A00016F523 /* Debug */,
				ED7DE4F42B70D8A00016F523 /* Release */,
			);
			defaultConfigurationIsVisible = 0;
			defaultConfigurationName = Release;
		};
/* End XCConfigurationList section */

/* Begin XCRemoteSwiftPackageReference section */
		ED1459342BA04D81009CEFAE /* XCRemoteSwiftPackageReference "realm-swift" */ = {
			isa = XCRemoteSwiftPackageReference;
			repositoryURL = "https://github.com/realm/realm-swift.git";
			requirement = {
				branch = master;
				kind = branch;
			};
		};
		EDBFB8212BBEDB720062E7FC /* XCRemoteSwiftPackageReference "Cosmos" */ = {
			isa = XCRemoteSwiftPackageReference;
			repositoryURL = "https://github.com/evgenyneu/Cosmos";
			requirement = {
				kind = upToNextMajorVersion;
				minimumVersion = 25.0.1;
			};
		};
/* End XCRemoteSwiftPackageReference section */

/* Begin XCSwiftPackageProductDependency section */
		ED1459352BA04D81009CEFAE /* Realm */ = {
			isa = XCSwiftPackageProductDependency;
			package = ED1459342BA04D81009CEFAE /* XCRemoteSwiftPackageReference "realm-swift" */;
			productName = Realm;
		};
		ED1459372BA04D81009CEFAE /* RealmSwift */ = {
			isa = XCSwiftPackageProductDependency;
			package = ED1459342BA04D81009CEFAE /* XCRemoteSwiftPackageReference "realm-swift" */;
			productName = RealmSwift;
		};
		EDBFB8222BBEDB720062E7FC /* Cosmos */ = {
			isa = XCSwiftPackageProductDependency;
			package = EDBFB8212BBEDB720062E7FC /* XCRemoteSwiftPackageReference "Cosmos" */;
			productName = Cosmos;
		};
/* End XCSwiftPackageProductDependency section */
	};
	rootObject = ED7DE4D62B70D89E0016F523 /* Project object */;
}
